{
    "version": 3,
    "terraform_version": "0.11.5",
    "serial": 14,
    "lineage": "ca545eea-809e-c71f-7afa-aff57dc44eea",
    "modules": [
        {
            "path": [
                "root"
            ],
            "outputs": {},
            "resources": {
                "data.openstack_images_image_v2.jumphost": {
                    "type": "openstack_images_image_v2",
                    "depends_on": [],
                    "primary": {
                        "id": "01f246c0-7bfd-46c7-9b91-edd880327c37",
                        "attributes": {
                            "checksum": "10cae297e9d61b49f27aad3b6385562b",
                            "container_format": "bare",
                            "disk_format": "qcow2",
                            "file": "/v2/images/01f246c0-7bfd-46c7-9b91-edd880327c37/file",
                            "id": "01f246c0-7bfd-46c7-9b91-edd880327c37",
                            "metadata.%": "0",
                            "min_disk_gb": "50",
                            "min_ram_mb": "0",
                            "most_recent": "true",
                            "name": "imple-jumphost",
                            "owner": "26cfbd9d4ee64d8faecd287bb39d3870",
                            "protected": "false",
                            "schema": "/v2/schemas/image",
                            "size_bytes": "1329463296",
                            "sort_direction": "asc",
                            "sort_key": "name",
                            "visibility": "private"
                        },
                        "meta": {},
                        "tainted": false
                    },
                    "deposed": [],
                    "provider": "provider.openstack"
                },
                "data.openstack_networking_network_v2.ext_net": {
                    "type": "openstack_networking_network_v2",
                    "depends_on": [],
                    "primary": {
                        "id": "8bb661f5-76b9-45f1-9ef9-eeffcd025fe4",
                        "attributes": {
                            "admin_state_up": "true",
                            "availability_zone_hints.#": "0",
                            "id": "8bb661f5-76b9-45f1-9ef9-eeffcd025fe4",
                            "name": "ext-net",
                            "region": "dbl",
                            "shared": "false",
                            "tenant_id": "c61f1914ea714e96a555763abe69d731"
                        },
                        "meta": {},
                        "tainted": false
                    },
                    "deposed": [],
                    "provider": "provider.openstack"
                },
                "openstack_compute_floatingip_associate_v2.fip_assoc_test": {
                    "type": "openstack_compute_floatingip_associate_v2",
                    "depends_on": [
                        "openstack_compute_floatingip_v2.jumphost",
                        "openstack_compute_instance_v2.jumphost"
                    ],
                    "primary": {
                        "id": "195.192.129.0/da76b0a2-99fd-4043-b6bb-50d8de95055c/",
                        "attributes": {
                            "fixed_ip": "",
                            "floating_ip": "195.192.129.0",
                            "id": "195.192.129.0/da76b0a2-99fd-4043-b6bb-50d8de95055c/",
                            "instance_id": "da76b0a2-99fd-4043-b6bb-50d8de95055c",
                            "region": "dbl"
                        },
                        "meta": {},
                        "tainted": false
                    },
                    "deposed": [],
                    "provider": "provider.openstack"
                },
                "openstack_compute_floatingip_v2.jumphost": {
                    "type": "openstack_compute_floatingip_v2",
                    "depends_on": [
                        "data.openstack_networking_network_v2.ext_net"
                    ],
                    "primary": {
                        "id": "a67e2b72-8c1a-49c6-ad00-6159196b1d71",
                        "attributes": {
                            "address": "195.192.129.0",
                            "fixed_ip": "",
                            "id": "a67e2b72-8c1a-49c6-ad00-6159196b1d71",
                            "instance_id": "",
                            "pool": "ext-net",
                            "region": "dbl"
                        },
                        "meta": {},
                        "tainted": false
                    },
                    "deposed": [],
                    "provider": "provider.openstack"
                },
                "openstack_compute_instance_v2.jumphost": {
                    "type": "openstack_compute_instance_v2",
                    "depends_on": [
                        "data.openstack_images_image_v2.jumphost",
                        "openstack_compute_keypair_v2.imple",
                        "openstack_compute_secgroup_v2.jumphost",
                        "openstack_networking_network_v2.live"
                    ],
                    "primary": {
                        "id": "da76b0a2-99fd-4043-b6bb-50d8de95055c",
                        "attributes": {
                            "access_ip_v4": "172.31.254.7",
                            "access_ip_v6": "",
                            "all_metadata.%": "0",
                            "availability_zone": "dbl1",
                            "flavor_id": "72c6b6e7-de6f-4da4-a457-6dd477c99aa3",
                            "flavor_name": "m1.micro",
                            "force_delete": "false",
                            "id": "da76b0a2-99fd-4043-b6bb-50d8de95055c",
                            "image_id": "01f246c0-7bfd-46c7-9b91-edd880327c37",
                            "image_name": "imple-jumphost",
                            "key_pair": "imple",
                            "name": "Jumphost",
                            "network.#": "1",
                            "network.0.access_network": "false",
                            "network.0.fixed_ip_v4": "172.31.254.7",
                            "network.0.fixed_ip_v6": "",
                            "network.0.floating_ip": "",
                            "network.0.mac": "fa:16:3e:be:40:06",
                            "network.0.name": "live",
                            "network.0.port": "",
                            "network.0.uuid": "802bd509-e6d5-4d25-a536-1242aa42913b",
                            "region": "dbl",
                            "security_groups.#": "2",
                            "security_groups.3814588639": "default",
                            "security_groups.964865084": "jumphost",
                            "stop_before_destroy": "false"
                        },
                        "meta": {
                            "e2bfb730-ecaa-11e6-8f88-34363bc7c4c0": {
                                "create": 1800000000000,
                                "delete": 1800000000000,
                                "update": 1800000000000
                            }
                        },
                        "tainted": false
                    },
                    "deposed": [],
                    "provider": "provider.openstack"
                },
                "openstack_compute_keypair_v2.imple": {
                    "type": "openstack_compute_keypair_v2",
                    "depends_on": [],
                    "primary": {
                        "id": "imple",
                        "attributes": {
                            "fingerprint": "f9:3a:13:1f:40:4c:4a:b6:18:91:8c:3b:30:70:e0:d9",
                            "id": "imple",
                            "name": "imple",
                            "private_key": "",
                            "public_key": "ssh-rsa AAAAB3NzaC1yc2EAAAADAQABAAABAQDLOH1KvssMlw6fMGO9XGfq+fiPjQkyBnXM5fVcBuHuAMRMxJNomdNpjps0gjypA3RNFgdoTi2fDSa7oG2k2fCLPCFbcXArOw7hgffHXaGlZmJzOxL8TtZrkwKo4z1UEunmaJ5gHAXTrl8KH+dmq0mrZYsit0SIouast5FDDF6kCASzgxr0Jz4gfwKBH03tBvDiSSpmMg1VgF6EFJwtGYk6JHt0lgYbj9RkBDhl3zyDL67YZuBfuCR5JXpAOKjXEtTZdfezFIqhH/iCCreDPct4I78p0sRUaduSmh/hL0UJ4tC2NoDuMfoIXJqwsFSRcgslh/UmQEY2TgoFcjKvS69Z",
                            "region": "dbl"
                        },
                        "meta": {},
                        "tainted": false
                    },
                    "deposed": [],
                    "provider": "provider.openstack"
                },
                "openstack_compute_secgroup_v2.jumphost": {
                    "type": "openstack_compute_secgroup_v2",
                    "depends_on": [],
                    "primary": {
                        "id": "83a4ffcf-fb22-44e2-918c-78e625a29257",
                        "attributes": {
                            "description": "Security Group for Jumphost",
                            "id": "83a4ffcf-fb22-44e2-918c-78e625a29257",
                            "name": "jumphost",
                            "region": "dbl",
                            "rule.#": "2",
                            "rule.2180185248.cidr": "0.0.0.0/0",
                            "rule.2180185248.from_group_id": "",
                            "rule.2180185248.from_port": "-1",
                            "rule.2180185248.id": "afc2aa02-fa91-4725-8bc9-915e344b41fc",
                            "rule.2180185248.ip_protocol": "icmp",
                            "rule.2180185248.self": "false",
                            "rule.2180185248.to_port": "-1",
                            "rule.836640770.cidr": "0.0.0.0/0",
                            "rule.836640770.from_group_id": "",
                            "rule.836640770.from_port": "22",
                            "rule.836640770.id": "bfa711c9-1ef2-4d6d-8dfd-d5322544d91d",
                            "rule.836640770.ip_protocol": "tcp",
                            "rule.836640770.self": "false",
                            "rule.836640770.to_port": "22"
                        },
                        "meta": {
                            "e2bfb730-ecaa-11e6-8f88-34363bc7c4c0": {
                                "delete": 600000000000
                            }
                        },
                        "tainted": false
                    },
                    "deposed": [],
                    "provider": "provider.openstack"
                },
                "openstack_compute_secgroup_v2.ssh_only": {
                    "type": "openstack_compute_secgroup_v2",
                    "depends_on": [],
                    "primary": {
                        "id": "9333f24e-02fd-4464-a912-42ce35b85473",
                        "attributes": {
                            "description": "Security Group for SSH access",
                            "id": "9333f24e-02fd-4464-a912-42ce35b85473",
                            "name": "ssh_only",
                            "region": "dbl",
                            "rule.#": "1",
                            "rule.836640770.cidr": "0.0.0.0/0",
                            "rule.836640770.from_group_id": "",
                            "rule.836640770.from_port": "22",
                            "rule.836640770.id": "84a6f2ad-315b-4fc6-a7c3-ab45b1cc5612",
                            "rule.836640770.ip_protocol": "tcp",
                            "rule.836640770.self": "false",
                            "rule.836640770.to_port": "22"
                        },
                        "meta": {
                            "e2bfb730-ecaa-11e6-8f88-34363bc7c4c0": {
                                "delete": 600000000000
                            }
                        },
                        "tainted": false
                    },
                    "deposed": [],
                    "provider": "provider.openstack"
                },
                "openstack_networking_network_v2.live": {
                    "type": "openstack_networking_network_v2",
                    "depends_on": [],
                    "primary": {
                        "id": "802bd509-e6d5-4d25-a536-1242aa42913b",
                        "attributes": {
                            "admin_state_up": "true",
                            "availability_zone_hints.#": "0",
                            "id": "802bd509-e6d5-4d25-a536-1242aa42913b",
                            "name": "live",
                            "region": "dbl",
                            "shared": "false",
                            "tenant_id": "26cfbd9d4ee64d8faecd287bb39d3870"
                        },
                        "meta": {
                            "e2bfb730-ecaa-11e6-8f88-34363bc7c4c0": {
                                "create": 600000000000,
                                "delete": 600000000000
                            }
                        },
                        "tainted": false
                    },
                    "deposed": [],
                    "provider": "provider.openstack"
                },
                "openstack_networking_network_v2.testing": {
                    "type": "openstack_networking_network_v2",
                    "depends_on": [],
                    "primary": {
                        "id": "88b70345-f2cf-49ae-b220-cb1cab91efb2",
                        "attributes": {
                            "admin_state_up": "true",
                            "availability_zone_hints.#": "0",
                            "id": "88b70345-f2cf-49ae-b220-cb1cab91efb2",
                            "name": "testing",
                            "region": "dbl",
                            "shared": "false",
                            "tenant_id": "26cfbd9d4ee64d8faecd287bb39d3870"
                        },
                        "meta": {
                            "e2bfb730-ecaa-11e6-8f88-34363bc7c4c0": {
                                "create": 600000000000,
                                "delete": 600000000000
                            }
                        },
                        "tainted": false
                    },
                    "deposed": [],
                    "provider": "provider.openstack"
                },
                "openstack_networking_router_interface_v2.port_router_live": {
                    "type": "openstack_networking_router_interface_v2",
                    "depends_on": [
                        "openstack_networking_router_v2.live",
                        "openstack_networking_subnet_v2.live"
                    ],
                    "primary": {
                        "id": "0c3ed3e8-ea9a-4ac6-b04c-620f291ad593",
                        "attributes": {
                            "id": "0c3ed3e8-ea9a-4ac6-b04c-620f291ad593",
                            "port_id": "0c3ed3e8-ea9a-4ac6-b04c-620f291ad593",
                            "region": "dbl",
                            "router_id": "8de76258-e972-4044-b1e6-0c8be202c6bd",
                            "subnet_id": "89804fcc-3b55-4d7b-acf8-fa60b7543fb7"
                        },
                        "meta": {
                            "e2bfb730-ecaa-11e6-8f88-34363bc7c4c0": {
                                "create": 600000000000,
                                "delete": 600000000000
                            }
                        },
                        "tainted": false
                    },
                    "deposed": [],
                    "provider": "provider.openstack"
                },
                "openstack_networking_router_interface_v2.port_router_testing": {
                    "type": "openstack_networking_router_interface_v2",
                    "depends_on": [
                        "openstack_networking_router_v2.testing",
                        "openstack_networking_subnet_v2.testing"
                    ],
                    "primary": {
                        "id": "b2962418-f955-4630-ba08-e02f67af8bd1",
                        "attributes": {
                            "id": "b2962418-f955-4630-ba08-e02f67af8bd1",
                            "port_id": "b2962418-f955-4630-ba08-e02f67af8bd1",
                            "region": "dbl",
                            "router_id": "ceef6676-f398-4ea3-a718-15b4211b1a62",
                            "subnet_id": "f32f172a-1dd0-4e36-8b15-259b154db1c6"
                        },
                        "meta": {
                            "e2bfb730-ecaa-11e6-8f88-34363bc7c4c0": {
                                "create": 600000000000,
                                "delete": 600000000000
                            }
                        },
                        "tainted": false
                    },
                    "deposed": [],
                    "provider": "provider.openstack"
                },
                "openstack_networking_router_v2.live": {
                    "type": "openstack_networking_router_v2",
                    "depends_on": [
                        "data.openstack_networking_network_v2.ext_net"
                    ],
                    "primary": {
                        "id": "8de76258-e972-4044-b1e6-0c8be202c6bd",
                        "attributes": {
                            "admin_state_up": "true",
                            "availability_zone_hints.#": "0",
                            "distributed": "false",
                            "enable_snat": "true",
                            "external_fixed_ip.#": "1",
                            "external_fixed_ip.0.ip_address": "195.192.128.207",
                            "external_fixed_ip.0.subnet_id": "7d2e08a4-abee-46f1-823d-c2a7041b4f24",
                            "external_gateway": "8bb661f5-76b9-45f1-9ef9-eeffcd025fe4",
                            "external_network_id": "8bb661f5-76b9-45f1-9ef9-eeffcd025fe4",
                            "id": "8de76258-e972-4044-b1e6-0c8be202c6bd",
                            "name": "live",
                            "region": "dbl",
                            "tenant_id": "26cfbd9d4ee64d8faecd287bb39d3870"
                        },
                        "meta": {
                            "e2bfb730-ecaa-11e6-8f88-34363bc7c4c0": {
                                "create": 600000000000,
                                "delete": 600000000000
                            }
                        },
                        "tainted": false
                    },
                    "deposed": [],
                    "provider": "provider.openstack"
                },
                "openstack_networking_router_v2.testing": {
                    "type": "openstack_networking_router_v2",
                    "depends_on": [
                        "data.openstack_networking_network_v2.ext_net"
                    ],
                    "primary": {
                        "id": "ceef6676-f398-4ea3-a718-15b4211b1a62",
                        "attributes": {
                            "admin_state_up": "true",
                            "availability_zone_hints.#": "0",
                            "distributed": "false",
                            "enable_snat": "true",
                            "external_fixed_ip.#": "1",
                            "external_fixed_ip.0.ip_address": "195.192.129.19",
                            "external_fixed_ip.0.subnet_id": "7d2e08a4-abee-46f1-823d-c2a7041b4f24",
                            "external_gateway": "8bb661f5-76b9-45f1-9ef9-eeffcd025fe4",
                            "external_network_id": "8bb661f5-76b9-45f1-9ef9-eeffcd025fe4",
                            "id": "ceef6676-f398-4ea3-a718-15b4211b1a62",
                            "name": "testing",
                            "region": "dbl",
                            "tenant_id": "26cfbd9d4ee64d8faecd287bb39d3870"
                        },
                        "meta": {
                            "e2bfb730-ecaa-11e6-8f88-34363bc7c4c0": {
                                "create": 600000000000,
                                "delete": 600000000000
                            }
                        },
                        "tainted": false
                    },
                    "deposed": [],
                    "provider": "provider.openstack"
                },
                "openstack_networking_subnet_v2.live": {
                    "type": "openstack_networking_subnet_v2",
                    "depends_on": [
                        "openstack_networking_network_v2.live"
                    ],
                    "primary": {
                        "id": "89804fcc-3b55-4d7b-acf8-fa60b7543fb7",
                        "attributes": {
                            "allocation_pools.#": "1",
                            "allocation_pools.0.end": "172.31.254.254",
                            "allocation_pools.0.start": "172.31.254.2",
                            "cidr": "172.31.254.0/24",
                            "dns_nameservers.#": "2",
                            "dns_nameservers.0": "8.8.8.8",
                            "dns_nameservers.1": "8.8.4.4",
                            "enable_dhcp": "true",
                            "gateway_ip": "172.31.254.1",
                            "host_routes.#": "0",
                            "id": "89804fcc-3b55-4d7b-acf8-fa60b7543fb7",
                            "ip_version": "4",
                            "ipv6_address_mode": "",
                            "ipv6_ra_mode": "",
                            "name": "live",
                            "network_id": "802bd509-e6d5-4d25-a536-1242aa42913b",
                            "no_gateway": "false",
                            "region": "dbl",
                            "subnetpool_id": "",
                            "tenant_id": "26cfbd9d4ee64d8faecd287bb39d3870"
                        },
                        "meta": {
                            "e2bfb730-ecaa-11e6-8f88-34363bc7c4c0": {
                                "create": 600000000000,
                                "delete": 600000000000
                            }
                        },
                        "tainted": false
                    },
                    "deposed": [],
                    "provider": "provider.openstack"
                },
                "openstack_networking_subnet_v2.testing": {
                    "type": "openstack_networking_subnet_v2",
                    "depends_on": [
                        "openstack_networking_network_v2.testing"
                    ],
                    "primary": {
                        "id": "f32f172a-1dd0-4e36-8b15-259b154db1c6",
                        "attributes": {
                            "allocation_pools.#": "1",
                            "allocation_pools.0.end": "172.16.254.254",
                            "allocation_pools.0.start": "172.16.254.2",
                            "cidr": "172.16.254.0/24",
                            "dns_nameservers.#": "2",
                            "dns_nameservers.0": "8.8.8.8",
                            "dns_nameservers.1": "8.8.4.4",
                            "enable_dhcp": "true",
                            "gateway_ip": "172.16.254.1",
                            "host_routes.#": "0",
                            "id": "f32f172a-1dd0-4e36-8b15-259b154db1c6",
                            "ip_version": "4",
                            "ipv6_address_mode": "",
                            "ipv6_ra_mode": "",
                            "name": "testing",
                            "network_id": "88b70345-f2cf-49ae-b220-cb1cab91efb2",
                            "no_gateway": "false",
                            "region": "dbl",
                            "subnetpool_id": "",
                            "tenant_id": "26cfbd9d4ee64d8faecd287bb39d3870"
                        },
                        "meta": {
                            "e2bfb730-ecaa-11e6-8f88-34363bc7c4c0": {
                                "create": 600000000000,
                                "delete": 600000000000
                            }
                        },
                        "tainted": false
                    },
                    "deposed": [],
                    "provider": "provider.openstack"
                }
            },
            "depends_on": []
        }
    ]
}
